schema: silver/lock/v2
framework:
  version: 0.7.0
  source:
    type: local
    reference: framework-development-fixture
packages:
  - id: what-now
    type: skill
    path: .skills/what-now
    version: 0.7.0
    ownership: framework-managed
    integrity: sha256:1043114ad0e6efd3dffa1e088b499f2abd494501674a842f6e5bbd38edb2ccd3
  - id: brand
    type: skill
    path: .skills/brand
    version: 0.7.0
    ownership: framework-managed
    integrity: sha256:268faae3a84e074e6528dca09feb53ae4251ee4396388ce33ec2f9bc1e661ff8
  - id: product
    type: skill
    path: .skills/product
    version: 0.7.0
    ownership: framework-managed
    integrity: sha256:c83ff99daf9790514f9ee549125c62b043e3f2675e254c0dbc3d98542356ea22
  - id: voice
    type: skill
    path: .skills/voice
    version: 0.7.0
    ownership: framework-managed
    integrity: sha256:c24513dab8bfa510bd21abc64a6f258d43a920b2fd03d21f0d2888619e5c38c2
  - id: principles
    type: skill
    path: .skills/principles
    version: 0.7.0
    ownership: framework-managed
    integrity: sha256:fa8c9e6c44a71e42be3791e90df058333df1958817e0696ffeaafe21cc03701b
  - id: theme
    type: skill
    path: .skills/theme
    version: 0.7.0
    ownership: framework-managed
    integrity: sha256:5eebfaa86064ad712acbc3d5c6e01baca86d7d26dd5d8d1f5f92299a8d4fa96e
  - id: system
    type: skill
    path: .skills/system
    version: 0.7.0
    ownership: framework-managed
    integrity: sha256:1fac856fa8d001c3dbad62e37a0cac3558f37e1485c3d84f7790d0a872233022
  - id: reconcile
    type: skill
    path: .skills/reconcile
    version: 0.7.0
    ownership: framework-managed
    integrity: sha256:b3b14feb854f1d998172a92a8a055cb55264f4088b10c705f36ca8882eda09c0
  - id: research
    type: skill
    path: .skills/research
    version: 0.7.0
    ownership: framework-managed
    integrity: sha256:b4487690a375eab0988b471539090685a69f02301e3435352ae028383343c354
  - id: collect
    type: skill
    path: .skills/collect
    version: 0.7.0
    ownership: framework-managed
    integrity: sha256:79290937bc9e91507cb137d9e278051039c38a6cf057e6c8e6d81d4acb7fb398
  - id: synthesize
    type: skill
    path: .skills/synthesize
    version: 0.7.0
    ownership: framework-managed
    integrity: sha256:560bd52b7019e868ba26c9ad225ef6099f58d40484c0cc6cfb8b7bd7de99d85d
  - id: ideate
    type: skill
    path: .skills/ideate
    version: 0.7.0
    ownership: framework-managed
    integrity: sha256:708da95e1a0143a33333e2b780a102f95365743f0af75ee2dbd833144065cf42
  - id: map
    type: skill
    path: .skills/map
    version: 0.7.0
    ownership: framework-managed
    integrity: sha256:618aacc9d4043f6b04268af4be18a8a5bcbec603ee08f3fd196d462b71271aee
  - id: specify
    type: skill
    path: .skills/specify
    version: 0.7.0
    ownership: framework-managed
    integrity: sha256:40321bd70cd6c6407d3c4e18afafed93dc6af010249c793bdf578fe63857a4f9
  - id: structure
    type: skill
    path: .skills/structure
    version: 0.7.0
    ownership: framework-managed
    integrity: sha256:d4b8547bbeb60df62480b6f35c647ad325e34e2d136c711cbb2a87088eb7e351
  - id: flow
    type: skill
    path: .skills/flow
    version: 0.7.0
    ownership: framework-managed
    integrity: sha256:43e5c3937e8509db41fb96b3cc80de7342a5bb1636895afa0736604e8f77217e
  - id: component
    type: skill
    path: .skills/component
    version: 0.7.0
    ownership: framework-managed
    integrity: sha256:2feee4e2e5948e73e4c2c161b9aa1961ec9da2e6388fa05ecb187008302aacb9
  - id: visualize
    type: skill
    path: .skills/visualize
    version: 0.7.0
    ownership: framework-managed
    integrity: sha256:13f2c4cdd5db382918613490dce3a13f4b47a429d94466a0504ff836a5cbb4d3
  - id: prototype
    type: skill
    path: .skills/prototype
    version: 0.7.0
    ownership: framework-managed
    integrity: sha256:20eb0b6e10cd7b5c593e939c66ddf8fd16cb38e294de8f345c2b0851c5f65cc3
  - id: evaluate
    type: skill
    path: .skills/evaluate
    version: 0.7.0
    ownership: framework-managed
    integrity: sha256:8cd110d044fb0c50126fd4da26333e3bfd87354575be32297239073e88ff9583
  - id: pitch
    type: skill
    path: .skills/pitch
    version: 0.7.0
    ownership: framework-managed
    integrity: sha256:d8e2036fb0eacc384da3cba3ee356138a0d23eccc746c38ca7fd41c304b52546
  - id: implement
    type: skill
    path: .skills/implement
    version: 0.7.0
    ownership: framework-managed
    integrity: sha256:d38d8de7cc07d4b33fd50a64387fa7c2eaf727093216592a967cff273a130265
  - id: measure
    type: skill
    path: .skills/measure
    version: 0.7.0
    ownership: framework-managed
    integrity: sha256:895f2251958b86c7d9e59f5664496cf61aa885aacb364368d108d26b5df2ac53
  - id: practice-review
    type: skill
    path: .skills/practice-review
    version: 0.7.0
    ownership: framework-managed
    integrity: sha256:3b389fbaec86159775f805c5a7dea5dc96ee4e75d164a91026f721520ba1a6e7
  - id: design-check
    type: skill
    path: .skills/design-check
    version: 0.7.0
    ownership: framework-managed
    integrity: sha256:da0e02eae0c803ee28a825e60eae7ebbf63fa1f42f9042c93ccd5e476a6c4396
  - id: figma-console-mcp
    type: provider
    path: .silver/providers/figma-console-mcp
    version: 0.7.0
    ownership: framework-managed
    integrity: sha256:25de0d5ebd74de686620f9180960b2ab1b4c8de7c6b3073392930ac7df52bf6a
  - id: figma-official-mcp
    type: provider
    path: .silver/providers/figma-official-mcp
    version: 0.7.0
    ownership: framework-managed
    integrity: sha256:c0246cd77803853f9697a6fe791d402bdcd8c3f4b61b2704ed5e65819272d4e1
  - id: silver-browser-local
    type: provider
    path: .silver/providers/silver-browser-local
    version: 0.7.0
    ownership: framework-managed
    integrity: sha256:e967dd874ecc47ba14459994dd766f9784bb9085338c06f76e5e049a4e2d2b16
  - id: silver-portable
    type: provider
    path: .silver/providers/silver-portable
    version: 0.7.0
    ownership: framework-managed
    integrity: sha256:6cf805a86c94e21d68bcdd13aa94f5f3cbaa37ccd926eabcd16d78b71f9219b3
  - id: schemas-v2
    type: schema-bundle
    path: .silver/schemas/v2
    version: 0.7.0
    ownership: framework-managed
    integrity: sha256:e3297998662ee213c04e233a6fd347b6d68f9c450b6e8bc4c5e8a739a6d3def3
  - id: guardrails
    type: guardrail-registry
    path: .silver/guardrails
    version: 0.7.0
    ownership: framework-managed
    integrity: sha256:d68e3a45f8ba5f63d8de9c002b981779ceddda1170c1b2d41d737724b28df499
  - id: skill-runtime
    type: runtime
    path: .silver/runtime
    version: 0.7.0
    ownership: framework-managed
    integrity: sha256:e4fbd83a5180397ab9db9bac9d7244dedefdbc66d0eaf509c0c9c171b573ccd3
  - id: default-design-loop
    type: playbook
    path: .silver/playbooks
    version: 0.7.0
    ownership: framework-managed
    integrity: sha256:401ec473cb4ffe6661539410933ccdf86cf748f2e75e6dd83e5a181f20491565
  - id: activities
    type: activity-catalog
    path: .silver/activities
    version: 0.7.0
    ownership: framework-managed
    integrity: sha256:553e99f14a67ba8a67026f38ceed50cfde919718f05931e7988d0c35db49535c
  - id: transports
    type: transport-catalog
    path: .silver/transports
    version: 0.7.0
    ownership: framework-managed
    integrity: sha256:fbe4c43f769cb4c065c8779266e17256357cc997a7a260feae5b832819266639
  - id: design-system-tokens-seed
    type: design-system-seed
    path: design/system/tokens
    version: 0.7.0
    ownership: copied-and-owned
    integrity: sha256:7c2a579bcf885402a66df23c2e10b2e39c88f86432b559ead42edb0ef78963fd
managed_files:
  - path: design/INDEX.md
    owner: framework-indexer
    ownership: generated
    base_integrity: sha256:c5389f0f5bcfc317f3f7c70488571a6a50013dff053cda1c6f084266945fe889
  - path: AGENTS.md
    owner: framework-agent-pointer
    ownership: generated
    base_integrity: sha256:818751c7011adf0c38e981cec63aaa3b8691257538cedeabe9025429ffa41de0
  - path: CLAUDE.md
    owner: framework-agent-adapter
    ownership: generated
    base_integrity: sha256:be242742c13af2752ea43db22ef595f499e4d12a76078219271ac58aa9ecc8c3
