schema: silver/lock/v2
framework:
  version: 0.7.0
  source:
    type: local
    reference: framework-development-fixture
packages:
  - id: what-now
    type: skill
    path: .skills/what-now
    version: 0.7.0
    ownership: framework-managed
    integrity: sha256:279080283e0ae23750e47873c05f167711b05079f394ed4f10db90992c579064
  - id: brand
    type: skill
    path: .skills/brand
    version: 0.7.0
    ownership: framework-managed
    integrity: sha256:4ed45ed12629191cbddb29f669645a782bac07c4c51b00a1b582c3bd6cd2418a
  - id: product
    type: skill
    path: .skills/product
    version: 0.7.0
    ownership: framework-managed
    integrity: sha256:f97764b931d3aca126afc96358705f5071ea11f92b285a49e30e633d9d33cdd6
  - id: voice
    type: skill
    path: .skills/voice
    version: 0.7.0
    ownership: framework-managed
    integrity: sha256:42aecf6293516086b88c47ae80b6604206f0ce0a6dd01436330678b0dec3227b
  - id: principles
    type: skill
    path: .skills/principles
    version: 0.7.0
    ownership: framework-managed
    integrity: sha256:06cb5c3fb94fbce21aea4eb5d8ec1200d9897c52df6b4cfd0fb420c0d0fc45e0
  - id: theme
    type: skill
    path: .skills/theme
    version: 0.7.0
    ownership: framework-managed
    integrity: sha256:c86e55f957d31f7c9c0ef3183a8bead645d9546f7164e9c55996108ae87aad9a
  - id: system
    type: skill
    path: .skills/system
    version: 0.7.0
    ownership: framework-managed
    integrity: sha256:0867edd2112bca68cf1f1838a8bc8b8a5ad751527538538f916e1dfa11d6c059
  - id: research
    type: skill
    path: .skills/research
    version: 0.7.0
    ownership: framework-managed
    integrity: sha256:ed600e35a6f7ec4eab89905899639b22cc4eb4e54fe8717fd4a43a10bfb1bae4
  - id: collect
    type: skill
    path: .skills/collect
    version: 0.7.0
    ownership: framework-managed
    integrity: sha256:a09569a19e788a50c40ac8dc3dd743c0fe90fb208806a5164262a8aefe2ae599
  - id: synthesize
    type: skill
    path: .skills/synthesize
    version: 0.7.0
    ownership: framework-managed
    integrity: sha256:3ea90625ee56e1294d4693c2e095bb8c02af4e5c3079b6945202c68b6cd220f2
  - id: ideate
    type: skill
    path: .skills/ideate
    version: 0.7.0
    ownership: framework-managed
    integrity: sha256:35e47948bf812e1ad979858d926df066bd02622cab6b26cef8de49b887724bd4
  - id: map
    type: skill
    path: .skills/map
    version: 0.7.0
    ownership: framework-managed
    integrity: sha256:8ab051c3ff1fdad5a3cd0605e615cb1fcfb2b9358f9cd7c5715275bde3bb56cb
  - id: specify
    type: skill
    path: .skills/specify
    version: 0.7.0
    ownership: framework-managed
    integrity: sha256:d83694a6417bcd70e717778245f2d985ab6c24b17c57600c97c6fcc0565070f4
  - id: structure
    type: skill
    path: .skills/structure
    version: 0.7.0
    ownership: framework-managed
    integrity: sha256:9255b39b13e8cf95092342e891d8d6e5e4a95f26db2da8f134ab718d094bb237
  - id: flow
    type: skill
    path: .skills/flow
    version: 0.7.0
    ownership: framework-managed
    integrity: sha256:ddc3cd16776199d1c20916863b9c6f0512fa212bfcacb209a3257d36dd99605c
  - id: component
    type: skill
    path: .skills/component
    version: 0.7.0
    ownership: framework-managed
    integrity: sha256:f5e8b6a5b2c814706da17deabff871de2f16a7f5e336b17b84b2c305919c6ed6
  - id: visualize
    type: skill
    path: .skills/visualize
    version: 0.7.0
    ownership: framework-managed
    integrity: sha256:e42d3c85660a8b6f3418bc8937397a15bd392905f09602e99798e4c20f139306
  - id: prototype
    type: skill
    path: .skills/prototype
    version: 0.7.0
    ownership: framework-managed
    integrity: sha256:04bfff49d228c4088d301b61f57ae9d88862b74601eb954b5b3a0f00d6522638
  - id: evaluate
    type: skill
    path: .skills/evaluate
    version: 0.7.0
    ownership: framework-managed
    integrity: sha256:556d353b63c2986337dc7c342213410431e861602bbce2e50d6ac32472a5039c
  - id: pitch
    type: skill
    path: .skills/pitch
    version: 0.7.0
    ownership: framework-managed
    integrity: sha256:4163615abb69e60f39823b0dc004f022f91cfd49bf63ecac81447efde1a7412b
  - id: implement
    type: skill
    path: .skills/implement
    version: 0.7.0
    ownership: framework-managed
    integrity: sha256:c5efeda8439adf099e7dbf53d335e190033befe6f78e59e692dd6152bd681627
  - id: measure
    type: skill
    path: .skills/measure
    version: 0.7.0
    ownership: framework-managed
    integrity: sha256:44ef3a8293bad45c94c00d49a1e8add02b0f0224f1bdae80335a465143ed9fcc
  - id: practice-review
    type: skill
    path: .skills/practice-review
    version: 0.7.0
    ownership: framework-managed
    integrity: sha256:9d476cac1c4fe9e33b71584068fa5e515e0ccbfa9cc8bc313747dd8c36069d32
  - id: design-check
    type: skill
    path: .skills/design-check
    version: 0.7.0
    ownership: framework-managed
    integrity: sha256:d64292bb00d275728630a52fe04704947965fdef35bd0aece5aaee6643b4ba35
  - id: figma-console-mcp
    type: provider
    path: .silver/providers/figma-console-mcp
    version: 0.7.0
    ownership: framework-managed
    integrity: sha256:60a291ae8ca1c85638add5fe568ed93eb39e26a8f001601a46c73ca3bab8d98c
  - id: figma-official-mcp
    type: provider
    path: .silver/providers/figma-official-mcp
    version: 0.7.0
    ownership: framework-managed
    integrity: sha256:9f46f28893f1fca0f4699d793a8ffac3e787c33b1bd214af5e2e93446c452b6b
  - id: silver-browser-local
    type: provider
    path: .silver/providers/silver-browser-local
    version: 0.7.0
    ownership: framework-managed
    integrity: sha256:6736629497c10eb12d9b20b17e36149b1d7ca382bda9f7ecf422c12e8c9587cf
  - id: silver-portable
    type: provider
    path: .silver/providers/silver-portable
    version: 0.7.0
    ownership: framework-managed
    integrity: sha256:163dbf5b89f91aad58fe4633cae6d52e76c471d78a92265d0d429820630095d1
  - id: schemas-v2
    type: schema-bundle
    path: .silver/schemas/v2
    version: 0.7.0
    ownership: framework-managed
    integrity: sha256:922c25f1dd9d392e7af06a861d85816973b27c339eadbee4be4dc2e690e70b65
  - id: guardrails
    type: guardrail-registry
    path: .silver/guardrails
    version: 0.7.0
    ownership: framework-managed
    integrity: sha256:0bf2d393098f8d9c0dbf0fd0bbfec7d70f828c457b83f4765f9fad44e9b62710
  - id: skill-runtime
    type: runtime
    path: .silver/runtime
    version: 0.7.0
    ownership: framework-managed
    integrity: sha256:5f241562c6bc7b3b9f01abf23de11a883a265c3b7b06127446c86d537eae5298
  - id: default-design-loop
    type: playbook
    path: .silver/playbooks
    version: 0.7.0
    ownership: framework-managed
    integrity: sha256:cd94915f732c4cb9ab350308b312e0f8e1b7773f3e2eaceed1f86d098798197b
  - id: activities
    type: activity-catalog
    path: .silver/activities
    version: 0.7.0
    ownership: framework-managed
    integrity: sha256:fc916ce746d9ef7f89a3df4bc2210ecc38cf6b6faf1d318ca512ae52c07e3494
  - id: transports
    type: transport-catalog
    path: .silver/transports
    version: 0.7.0
    ownership: framework-managed
    integrity: sha256:a07d25dd09a75907c8814d207d7b101e8b0cdd9d2336ca2c7eee022503b66c7b
  - id: design-system-tokens-seed
    type: design-system-seed
    path: design/system/tokens
    version: 0.7.0
    ownership: copied-and-owned
    integrity: sha256:7c2a579bcf885402a66df23c2e10b2e39c88f86432b559ead42edb0ef78963fd
managed_files:
  - path: design/INDEX.md
    owner: framework-indexer
    ownership: generated
    base_integrity: sha256:fcc01ae03a1504b768fd3195d62409ae8d07f66b9f88a829103ec13eadd247e0
  - path: AGENTS.md
    owner: framework-agent-pointer
    ownership: generated
    base_integrity: sha256:fa98fc6a5388e0d5f130c7f1092f7fde9831684ea670be5f9a61e1d284663c82
  - path: CLAUDE.md
    owner: framework-agent-adapter
    ownership: generated
    base_integrity: sha256:120f71303330985db41f37f3952e0587261580a4ede1eae91ce20dd46717edd4
