schema: design-practice/lock/v1
framework:
  version: 0.1.0-dev
  source:
    type: local
    reference: framework-development-fixture
packages: []
managed_files:
  - path: design/INDEX.md
    owner: framework-indexer
    ownership: generated
    base_integrity: sha256:6a9a77eac1812fb9144d207847ffcc5c3d3419649339738e07a4c8c668352e65
