schema: design-practice/lock/v1
framework:
  version: 0.1.0-dev
  source:
    type: local
    reference: framework-development-fixture
packages:
  - id: brand
    type: skill
    version: 0.1.0-dev
    ownership: framework-managed
    integrity: sha256:482f8f22de5fd8ca4ffdb8d2cc0e3698dddedc5b24ebe0ac4fd5f88d813f9ba6
  - id: theme
    type: skill
    version: 0.1.0-dev
    ownership: framework-managed
    integrity: sha256:e0a4a6b546c2fe6253e21ff15dc8e1401fbae7b5e53877871332c87a5ad58e9d
  - id: flow
    type: skill
    version: 0.1.0-dev
    ownership: framework-managed
    integrity: sha256:c9ca6debd77ab97c6f6ef323bd5b8346d2d165b018169488a6b4a18e3dedb968
  - id: prototype
    type: skill
    version: 0.1.0-dev
    ownership: framework-managed
    integrity: sha256:544c0cee730770fb9ec3a7120e82bc6b0173fc167d33d7d235f93eab5174c085
  - id: design-check
    type: skill
    version: 0.1.0-dev
    ownership: framework-managed
    integrity: sha256:bde9b3fb09bd2eff18352c35387650407cffea06b2302aa3401cf680977562dd
  - id: reference-system
    type: reference-system
    version: 0.1.0-dev
    ownership: copied-and-owned
    integrity: sha256:8335c1a14695911ca0422181650c5b4607781f026c8e54a1655ad524f053325b
managed_files:
  - path: design/INDEX.md
    owner: framework-indexer
    ownership: generated
    base_integrity: sha256:cfbc7976b15954e8a984b0e48295dfbbba6f84dcebd6d8a599a46a74be7f63a0
  - path: AGENTS.md
    owner: framework-agent-pointer
    ownership: generated
    base_integrity: sha256:a63334cabcf53986d8c1461c7a5175a3b0d4938a9da30f649cb1f697a0e307e3
